
Microsoft Visual Studio Solution File, Format Version 12.00
# Visual Studio 14
VisualStudioVersion = 14.0.24720.0
MinimumVisualStudioVersion = 10.0.40219.1
Project("{FAE04EC0-301F-11D3-BF4B-00C04F79EFBC}") = "ExternalServiceInterfaces", "ExternalServiceInterfaces\ExternalServiceInterfaces.csproj", "{35731695-DA79-4A87-8B77-AEF10683EDF2}"
EndProject
Project("{FAE04EC0-301F-11D3-BF4B-00C04F79EFBC}") = "ExternalServicesExtension", "ExternalServicesExtension\ExternalServicesExtension.csproj", "{89084C7C-3FD7-4D69-B38E-8E24D40F929E}"
EndProject
Project("{FAE04EC0-301F-11D3-BF4B-00C04F79EFBC}") = "ExternalServicesViewExtension", "ExternalServicesViewExtension\ExternalServicesViewExtension.csproj", "{3D3E5A1D-8E1A-4315-A4B1-64C86ADFE3E2}"
EndProject
Project("{FAE04EC0-301F-11D3-BF4B-00C04F79EFBC}") = "ExternalServicesTokens", "ExternalServiceTokens\ExternalServicesTokens.csproj", "{87E3FB8C-455C-4BEF-91E5-445451356746}"
EndProject
Global
	GlobalSection(SolutionConfigurationPlatforms) = preSolution
		Debug|Any CPU = Debug|Any CPU
		Release|Any CPU = Release|Any CPU
	EndGlobalSection
	GlobalSection(ProjectConfigurationPlatforms) = postSolution
		{35731695-DA79-4A87-8B77-AEF10683EDF2}.Debug|Any CPU.ActiveCfg = Debug|Any CPU
		{35731695-DA79-4A87-8B77-AEF10683EDF2}.Debug|Any CPU.Build.0 = Debug|Any CPU
		{35731695-DA79-4A87-8B77-AEF10683EDF2}.Release|Any CPU.ActiveCfg = Release|Any CPU
		{35731695-DA79-4A87-8B77-AEF10683EDF2}.Release|Any CPU.Build.0 = Release|Any CPU
		{89084C7C-3FD7-4D69-B38E-8E24D40F929E}.Debug|Any CPU.ActiveCfg = Debug|Any CPU
		{89084C7C-3FD7-4D69-B38E-8E24D40F929E}.Debug|Any CPU.Build.0 = Debug|Any CPU
		{89084C7C-3FD7-4D69-B38E-8E24D40F929E}.Release|Any CPU.ActiveCfg = Release|Any CPU
		{89084C7C-3FD7-4D69-B38E-8E24D40F929E}.Release|Any CPU.Build.0 = Release|Any CPU
		{3D3E5A1D-8E1A-4315-A4B1-64C86ADFE3E2}.Debug|Any CPU.ActiveCfg = Debug|Any CPU
		{3D3E5A1D-8E1A-4315-A4B1-64C86ADFE3E2}.Debug|Any CPU.Build.0 = Debug|Any CPU
		{3D3E5A1D-8E1A-4315-A4B1-64C86ADFE3E2}.Release|Any CPU.ActiveCfg = Release|Any CPU
		{3D3E5A1D-8E1A-4315-A4B1-64C86ADFE3E2}.Release|Any CPU.Build.0 = Release|Any CPU
		{87E3FB8C-455C-4BEF-91E5-445451356746}.Debug|Any CPU.ActiveCfg = Debug|Any CPU
		{87E3FB8C-455C-4BEF-91E5-445451356746}.Debug|Any CPU.Build.0 = Debug|Any CPU
		{87E3FB8C-455C-4BEF-91E5-445451356746}.Release|Any CPU.ActiveCfg = Release|Any CPU
		{87E3FB8C-455C-4BEF-91E5-445451356746}.Release|Any CPU.Build.0 = Release|Any CPU
	EndGlobalSection
	GlobalSection(SolutionProperties) = preSolution
		HideSolutionNode = FALSE
	EndGlobalSection
EndGlobal
